
Microsoft Visual Studio Solution File, Format Version 12.00
# Visual Studio 15
VisualStudioVersion = 15.0.28307.489
MinimumVisualStudioVersion = 10.0.40219.1
Project("{FAE04EC0-301F-11D3-BF4B-00C04F79EFBC}") = "CarRental", "CarRental\CarRental.csproj", "{1FC40997-2C74-4B91-9327-6613F52F551D}"
EndProject
Global
	GlobalSection(SolutionConfigurationPlatforms) = preSolution
		Debug|Any CPU = Debug|Any CPU
		Release|Any CPU = Release|Any CPU
	EndGlobalSection
	GlobalSection(ProjectConfigurationPlatforms) = postSolution
		{1FC40997-2C74-4B91-9327-6613F52F551D}.Debug|Any CPU.ActiveCfg = Debug|Any CPU
		{1FC40997-2C74-4B91-9327-6613F52F551D}.Debug|Any CPU.Build.0 = Debug|Any CPU
		{1FC40997-2C74-4B91-9327-6613F52F551D}.Release|Any CPU.ActiveCfg = Release|Any CPU
		{1FC40997-2C74-4B91-9327-6613F52F551D}.Release|Any CPU.Build.0 = Release|Any CPU
	EndGlobalSection
	GlobalSection(SolutionProperties) = preSolution
		HideSolutionNode = FALSE
	EndGlobalSection
	GlobalSection(ExtensibilityGlobals) = postSolution
		SolutionGuid = {0D36002E-1AC6-440C-9D77-12C2EEBB9CE9}
	EndGlobalSection
EndGlobal
